
Microsoft Visual Studio Solution File, Format Version 12.00
# Visual Studio Version 17
VisualStudioVersion = 17.5.33627.172
MinimumVisualStudioVersion = 10.0.40219.1
Project("{FAE04EC0-301F-11D3-BF4B-00C04F79EFBC}") = "CiberStore", "CiberStore\CiberStore.csproj", "{DE77BBC5-2BED-4E20-80B6-600AFEB487E3}"
EndProject
Global
	GlobalSection(SolutionConfigurationPlatforms) = preSolution
		Debug|Any CPU = Debug|Any CPU
		Release|Any CPU = Release|Any CPU
	EndGlobalSection
	GlobalSection(ProjectConfigurationPlatforms) = postSolution
		{DE77BBC5-2BED-4E20-80B6-600AFEB487E3}.Debug|Any CPU.ActiveCfg = Debug|Any CPU
		{DE77BBC5-2BED-4E20-80B6-600AFEB487E3}.Debug|Any CPU.Build.0 = Debug|Any CPU
		{DE77BBC5-2BED-4E20-80B6-600AFEB487E3}.Release|Any CPU.ActiveCfg = Release|Any CPU
		{DE77BBC5-2BED-4E20-80B6-600AFEB487E3}.Release|Any CPU.Build.0 = Release|Any CPU
	EndGlobalSection
	GlobalSection(SolutionProperties) = preSolution
		HideSolutionNode = FALSE
	EndGlobalSection
	GlobalSection(ExtensibilityGlobals) = postSolution
		SolutionGuid = {352B6500-EEE7-4AE3-B39C-F1F3B54AA041}
	EndGlobalSection
EndGlobal
